// !$*UTF8*$!
{
	archiveVersion = 1;
	classes = {
	};
	objectVersion = 60;
	objects = {

/* Begin PBXBuildFile section */
		2FAD9763203C412B000D30F8 /* config.xml in Resources */ = {isa = PBXBuildFile; fileRef = 2FAD9762203C412B000D30F8 /* config.xml */; };
		4D22ABE92AF431CB00220026 /* CapApp-SPM in Frameworks */ = {isa = PBXBuildFile; productRef = 4D22ABE82AF431CB00220026 /* CapApp-SPM */; };
		50379B232058CBB4000EE86E /* capacitor.config.json in Resources */ = {isa = PBXBuildFile; fileRef = 50379B222058CBB4000EE86E /* capacitor.config.json */; };
		504EC3081FED79650016851F /* AppDelegate.swift in Sources */ = {isa = PBXBuildFile; fileRef = 504EC3071FED79650016851F /* AppDelegate.swift */; };
		504EC30D1FED79650016851F /* Main.storyboard in Resources */ = {isa = PBXBuildFile; fileRef = 504EC30B1FED79650016851F /* Main.storyboard */; };
		504EC30F1FED79650016851F /* Assets.xcassets in Resources */ = {isa = PBXBuildFile; fileRef = 504EC30E1FED79650016851F /* Assets.xcassets */; };
		504EC3121FED79650016851F /* LaunchScreen.storyboard in Resources */ = {isa = PBXBuildFile; fileRef = 504EC3101FED79650016851F /* LaunchScreen.storyboard */; };
		50B271D11FEDC1A000F3C39B /* public in Resources */ = {isa = PBXBuildFile; fileRef = 50B271D01FEDC1A000F3C39B /* public */; };
		7A56D0012C399A4300A1F940 /* NativeMapPlugin.swift in Sources */ = {isa = PBXBuildFile; fileRef = 7A56D0002C399A4300A1F940 /* NativeMapPlugin.swift */; };
		7A56D0032C399A4300A1F940 /* MainViewController.swift in Sources */ = {isa = PBXBuildFile; fileRef = 7A56D0022C399A4300A1F940 /* MainViewController.swift */; };
		A10000000000000000000001 /* NativeMapConnectivityTests.swift in Sources */ = {isa = PBXBuildFile; fileRef = A10000000000000000000002 /* NativeMapConnectivityTests.swift */; };
		A21000000000000000000001 /* NativeTripStoreTestSupport.swift in Sources */ = {isa = PBXBuildFile; fileRef = A21000000000000000000011 /* NativeTripStoreTestSupport.swift */; };
		A21000000000000000000002 /* NativeTravelImageConnectivityTests.swift in Sources */ = {isa = PBXBuildFile; fileRef = A21000000000000000000012 /* NativeTravelImageConnectivityTests.swift */; };
		A22000000000000000000001 /* NativeRouteTestSupport.swift in Sources */ = {isa = PBXBuildFile; fileRef = A22000000000000000000011 /* NativeRouteTestSupport.swift */; };
		A23000000000000000000001 /* NativeTripActionButton.swift in Sources */ = {isa = PBXBuildFile; fileRef = A23000000000000000000011 /* NativeTripActionButton.swift */; };
		A24000000000000000000001 /* NativeTextFieldPadding.swift in Sources */ = {isa = PBXBuildFile; fileRef = A24000000000000000000011 /* NativeTextFieldPadding.swift */; };
		A66000000000000000000001 /* NativeAdaptiveLayout.swift in Sources */ = {isa = PBXBuildFile; fileRef = A66000000000000000000011 /* NativeAdaptiveLayout.swift */; };
		A66100000000000000000001 /* NativeCreateTripViewController+Layout.swift in Sources */ = {isa = PBXBuildFile; fileRef = A66100000000000000000011 /* NativeCreateTripViewController+Layout.swift */; };
		A77000000000000000000001 /* NativeTripOverviewModels.swift in Sources */ = {isa = PBXBuildFile; fileRef = A77000000000000000000011 /* NativeTripOverviewModels.swift */; };
		A77100000000000000000001 /* NativeTripOverviewStore.swift in Sources */ = {isa = PBXBuildFile; fileRef = A77100000000000000000011 /* NativeTripOverviewStore.swift */; };
		A77200000000000000000001 /* NativeTripOverviewViewController.swift in Sources */ = {isa = PBXBuildFile; fileRef = A77200000000000000000011 /* NativeTripOverviewViewController.swift */; };
		A77300000000000000000001 /* NativeTripOverviewHeaderView.swift in Sources */ = {isa = PBXBuildFile; fileRef = A77300000000000000000011 /* NativeTripOverviewHeaderView.swift */; };
		A77400000000000000000001 /* NativeTripOverviewSectionViews.swift in Sources */ = {isa = PBXBuildFile; fileRef = A77400000000000000000011 /* NativeTripOverviewSectionViews.swift */; };
		A77500000000000000000001 /* NativeTripOverviewRouter.swift in Sources */ = {isa = PBXBuildFile; fileRef = A77500000000000000000011 /* NativeTripOverviewRouter.swift */; };
		A77600000000000000000001 /* NativeTripSavedSearchViewController.swift in Sources */ = {isa = PBXBuildFile; fileRef = A77600000000000000000011 /* NativeTripSavedSearchViewController.swift */; };
		A77700000000000000000001 /* NativeNewActivityViewController.swift in Sources */ = {isa = PBXBuildFile; fileRef = A77700000000000000000011 /* NativeNewActivityViewController.swift */; };
		A77800000000000000000001 /* TransportationActivityDraft.swift in Sources */ = {isa = PBXBuildFile; fileRef = A77800000000000000000011 /* TransportationActivityDraft.swift */; };
		A77900000000000000000001 /* NativeItineraryViewController.swift in Sources */ = {isa = PBXBuildFile; fileRef = A77900000000000000000011 /* NativeItineraryViewController.swift */; };
		B10000000000000000000001 /* AlmidyDesignTokens.swift in Sources */ = {isa = PBXBuildFile; fileRef = B10000000000000000000002 /* AlmidyDesignTokens.swift */; };
		C32000000000000000000001 /* NativeSessionPayload.swift in Sources */ = {isa = PBXBuildFile; fileRef = C32000000000000000000011 /* NativeSessionPayload.swift */; };
		C32000000000000000000002 /* NativeSessionStore.swift in Sources */ = {isa = PBXBuildFile; fileRef = C32000000000000000000012 /* NativeSessionStore.swift */; };
		C32000000000000000000003 /* NativeSessionCoordinator.swift in Sources */ = {isa = PBXBuildFile; fileRef = C32000000000000000000013 /* NativeSessionCoordinator.swift */; };
		C32000000000000000000004 /* NativeWebSessionReconciler.swift in Sources */ = {isa = PBXBuildFile; fileRef = C32000000000000000000014 /* NativeWebSessionReconciler.swift */; };
		C32000000000000000000005 /* NativeAuthenticatedHTTPClient.swift in Sources */ = {isa = PBXBuildFile; fileRef = C32000000000000000000015 /* NativeAuthenticatedHTTPClient.swift */; };
		C32000000000000000000006 /* NativeSessionCoordinatorTests.swift in Sources */ = {isa = PBXBuildFile; fileRef = C32000000000000000000016 /* NativeSessionCoordinatorTests.swift */; };
		C32000000000000000000007 /* NativeAuthConnectivityTests.swift in Sources */ = {isa = PBXBuildFile; fileRef = C32000000000000000000017 /* NativeAuthConnectivityTests.swift */; };
		C32000000000000000000008 /* NativeAuthTestSupport.swift in Sources */ = {isa = PBXBuildFile; fileRef = C32000000000000000000018 /* NativeAuthTestSupport.swift */; };
		D33000000000000000000001 /* NativeCreateTripState.swift in Sources */ = {isa = PBXBuildFile; fileRef = D33000000000000000000011 /* NativeCreateTripState.swift */; };
		D33000000000000000000002 /* NativeCreateTripValidator.swift in Sources */ = {isa = PBXBuildFile; fileRef = D33000000000000000000012 /* NativeCreateTripValidator.swift */; };
		D33000000000000000000003 /* NativeDestinationFieldController.swift in Sources */ = {isa = PBXBuildFile; fileRef = D33000000000000000000013 /* NativeDestinationFieldController.swift */; };
		D33000000000000000000004 /* NativeTripBackgroundController.swift in Sources */ = {isa = PBXBuildFile; fileRef = D33000000000000000000014 /* NativeTripBackgroundController.swift */; };
		D33000000000000000000005 /* NativeTripColorBank.swift in Sources */ = {isa = PBXBuildFile; fileRef = D33000000000000000000015 /* NativeTripColorBank.swift */; };
		D33000000000000000000006 /* NativeTripBackgroundTests.swift in Sources */ = {isa = PBXBuildFile; fileRef = D33000000000000000000016 /* NativeTripBackgroundTests.swift */; };
		D33000000000000000000007 /* NativeTripBackgroundModels.swift in Sources */ = {isa = PBXBuildFile; fileRef = D33000000000000000000017 /* NativeTripBackgroundModels.swift */; };
		D33000000000000000000008 /* NativeTripTravelImageBank.swift in Sources */ = {isa = PBXBuildFile; fileRef = D33000000000000000000018 /* NativeTripTravelImageBank.swift */; };
		D33000000000000000000009 /* NativeCreateTripLocationTests.swift in Sources */ = {isa = PBXBuildFile; fileRef = D33000000000000000000019 /* NativeCreateTripLocationTests.swift */; };
		D3300000000000000000000A /* NativeTripBackgroundPickerViewController.swift in Sources */ = {isa = PBXBuildFile; fileRef = D3300000000000000000001A /* NativeTripBackgroundPickerViewController.swift */; };
		D3300000000000000000000B /* NativeCreateTripViewController.swift in Sources */ = {isa = PBXBuildFile; fileRef = D3300000000000000000001B /* NativeCreateTripViewController.swift */; };
		D34000000000000000000001 /* NativeCreateTripViewController+Background.swift in Sources */ = {isa = PBXBuildFile; fileRef = D34000000000000000000011 /* NativeCreateTripViewController+Background.swift */; };
		E44000000000000000000001 /* NativeTripDateRange.swift in Sources */ = {isa = PBXBuildFile; fileRef = E44000000000000000000011 /* NativeTripDateRange.swift */; };
		E44000000000000000000002 /* NativeTripDateFormatting.swift in Sources */ = {isa = PBXBuildFile; fileRef = E44000000000000000000012 /* NativeTripDateFormatting.swift */; };
		E44000000000000000000003 /* NativeTripDatesViewController.swift in Sources */ = {isa = PBXBuildFile; fileRef = E44000000000000000000013 /* NativeTripDatesViewController.swift */; };
		E44000000000000000000004 /* NativeVerticalCalendarViews.swift in Sources */ = {isa = PBXBuildFile; fileRef = E44000000000000000000014 /* NativeVerticalCalendarViews.swift */; };
		E44000000000000000000005 /* NativeTripDateTests.swift in Sources */ = {isa = PBXBuildFile; fileRef = E44000000000000000000015 /* NativeTripDateTests.swift */; };
		E44000000000000000000006 /* NativeTripDateConnectivityTests.swift in Sources */ = {isa = PBXBuildFile; fileRef = E44000000000000000000016 /* NativeTripDateConnectivityTests.swift */; };
		E44100000000000000000001 /* NativeCreateTripViewController+Dates.swift in Sources */ = {isa = PBXBuildFile; fileRef = E44100000000000000000011 /* NativeCreateTripViewController+Dates.swift */; };
		F55000000000000000000001 /* NativeSettingsModel.swift in Sources */ = {isa = PBXBuildFile; fileRef = F55000000000000000000011 /* NativeSettingsModel.swift */; };
		F55000000000000000000002 /* NativeSettingsTests.swift in Sources */ = {isa = PBXBuildFile; fileRef = F55000000000000000000012 /* NativeSettingsTests.swift */; };
		F61000000000000000000001 /* AlmidyDesignFoundation.swift in Sources */ = {isa = PBXBuildFile; fileRef = F61000000000000000000011 /* AlmidyDesignFoundation.swift */; };
		F61000000000000000000002 /* AlmidyDesignSystemTests.swift in Sources */ = {isa = PBXBuildFile; fileRef = F61000000000000000000012 /* AlmidyDesignSystemTests.swift */; };
		F62000000000000000000001 /* AlmidyIconButton.swift in Sources */ = {isa = PBXBuildFile; fileRef = F62000000000000000000011 /* AlmidyIconButton.swift */; };
		F62000000000000000000002 /* AlmidyButton.swift in Sources */ = {isa = PBXBuildFile; fileRef = F62000000000000000000012 /* AlmidyButton.swift */; };
		F62000000000000000000003 /* AlmidyDivider.swift in Sources */ = {isa = PBXBuildFile; fileRef = F62000000000000000000013 /* AlmidyDivider.swift */; };
		F62000000000000000000004 /* AlmidyBadge.swift in Sources */ = {isa = PBXBuildFile; fileRef = F62000000000000000000014 /* AlmidyBadge.swift */; };
		F62000000000000000000005 /* AlmidySurfaceStyle.swift in Sources */ = {isa = PBXBuildFile; fileRef = F62000000000000000000015 /* AlmidySurfaceStyle.swift */; };
		F62000000000000000000006 /* AlmidyInputStyle.swift in Sources */ = {isa = PBXBuildFile; fileRef = F62000000000000000000016 /* AlmidyInputStyle.swift */; };
		F63000000000000000000001 /* AlmidySheetConfiguration.swift in Sources */ = {isa = PBXBuildFile; fileRef = F63000000000000000000011 /* AlmidySheetConfiguration.swift */; };
		F63000000000000000000002 /* AlmidySheetHeader.swift in Sources */ = {isa = PBXBuildFile; fileRef = F63000000000000000000012 /* AlmidySheetHeader.swift */; };
		F63000000000000000000003 /* AlmidyCard.swift in Sources */ = {isa = PBXBuildFile; fileRef = F63000000000000000000013 /* AlmidyCard.swift */; };
		F63000000000000000000004 /* AlmidyListRow.swift in Sources */ = {isa = PBXBuildFile; fileRef = F63000000000000000000014 /* AlmidyListRow.swift */; };
		F63000000000000000000005 /* AlmidyFormSection.swift in Sources */ = {isa = PBXBuildFile; fileRef = F63000000000000000000015 /* AlmidyFormSection.swift */; };
		F63000000000000000000006 /* AlmidyActionRow.swift in Sources */ = {isa = PBXBuildFile; fileRef = F63000000000000000000016 /* AlmidyActionRow.swift */; };
		F63000000000000000000007 /* AlmidyEmptyState.swift in Sources */ = {isa = PBXBuildFile; fileRef = F63000000000000000000017 /* AlmidyEmptyState.swift */; };
		F63000000000000000000008 /* AlmidyFloatingControl.swift in Sources */ = {isa = PBXBuildFile; fileRef = F63000000000000000000018 /* AlmidyFloatingControl.swift */; };
		F64000000000000000000001 /* NativeMapSearchViewController.swift in Sources */ = {isa = PBXBuildFile; fileRef = F64000000000000000000011 /* NativeMapSearchViewController.swift */; };
		F65000000000000000000001 /* NativeTotalCostInputViewController.swift in Sources */ = {isa = PBXBuildFile; fileRef = F65000000000000000000011 /* NativeTotalCostInputViewController.swift */; };
		F65000000000000000000002 /* NativeTotalCostInputTests.swift in Sources */ = {isa = PBXBuildFile; fileRef = F65000000000000000000012 /* NativeTotalCostInputTests.swift */; };
		F66000000000000000000001 /* NativeNoteInputViewController.swift in Sources */ = {isa = PBXBuildFile; fileRef = F66000000000000000000011 /* NativeNoteInputViewController.swift */; };
		F66000000000000000000002 /* NativeNoteInputTests.swift in Sources */ = {isa = PBXBuildFile; fileRef = F66000000000000000000012 /* NativeNoteInputTests.swift */; };
		F67000000000000000000001 /* NativeFlightDateInputViewController.swift in Sources */ = {isa = PBXBuildFile; fileRef = F67000000000000000000011 /* NativeFlightDateInputViewController.swift */; };
		F67000000000000000000002 /* NativeFlightDateInputTests.swift in Sources */ = {isa = PBXBuildFile; fileRef = F67000000000000000000012 /* NativeFlightDateInputTests.swift */; };
		F68000000000000000000001 /* NativeFlightTimeInputViewController.swift in Sources */ = {isa = PBXBuildFile; fileRef = F68000000000000000000011 /* NativeFlightTimeInputViewController.swift */; };
		F68000000000000000000002 /* NativeFlightTimeInputTests.swift in Sources */ = {isa = PBXBuildFile; fileRef = F68000000000000000000012 /* NativeFlightTimeInputTests.swift */; };
		F69000000000000000000001 /* NativeReservationDetailsView.swift in Sources */ = {isa = PBXBuildFile; fileRef = F69000000000000000000011 /* NativeReservationDetailsView.swift */; };
		F69000000000000000000002 /* NativeLinkInputAlert.swift in Sources */ = {isa = PBXBuildFile; fileRef = F69000000000000000000012 /* NativeLinkInputAlert.swift */; };
		F69000000000000000000003 /* NativeAttachmentActionView.swift in Sources */ = {isa = PBXBuildFile; fileRef = F69000000000000000000013 /* NativeAttachmentActionView.swift */; };
		F69000000000000000000004 /* NativeActivityUtilityTests.swift in Sources */ = {isa = PBXBuildFile; fileRef = F69000000000000000000014 /* NativeActivityUtilityTests.swift */; };
		F6A000000000000000000001 /* NativeLocationEditorViews.swift in Sources */ = {isa = PBXBuildFile; fileRef = F6A000000000000000000011 /* NativeLocationEditorViews.swift */; };
		F6A000000000000000000002 /* NativeLocationEditorTests.swift in Sources */ = {isa = PBXBuildFile; fileRef = F6A000000000000000000012 /* NativeLocationEditorTests.swift */; };
		F6B000000000000000000001 /* NativeSavedPlaceEditorView.swift in Sources */ = {isa = PBXBuildFile; fileRef = F6B000000000000000000011 /* NativeSavedPlaceEditorView.swift */; };
		F6B000000000000000000002 /* NativeSavedPlaceEditorTests.swift in Sources */ = {isa = PBXBuildFile; fileRef = F6B000000000000000000012 /* NativeSavedPlaceEditorTests.swift */; };
		F6C000000000000000000001 /* NativeTransportationEditorView.swift in Sources */ = {isa = PBXBuildFile; fileRef = F6C000000000000000000011 /* NativeTransportationEditorView.swift */; };
		F6C000000000000000000002 /* NativeTransportationEditorTests.swift in Sources */ = {isa = PBXBuildFile; fileRef = F6C000000000000000000012 /* NativeTransportationEditorTests.swift */; };
		F6D000000000000000000001 /* NativeFlightEditorView.swift in Sources */ = {isa = PBXBuildFile; fileRef = F6D000000000000000000011 /* NativeFlightEditorView.swift */; };
		F6D000000000000000000002 /* NativeFlightEditorTests.swift in Sources */ = {isa = PBXBuildFile; fileRef = F6D000000000000000000012 /* NativeFlightEditorTests.swift */; };
		F70000000000000000000001 /* NativeMapControlsView.swift in Sources */ = {isa = PBXBuildFile; fileRef = F70000000000000000000011 /* NativeMapControlsView.swift */; };
		F70000000000000000000002 /* NativeMapPresentationTests.swift in Sources */ = {isa = PBXBuildFile; fileRef = F70000000000000000000012 /* NativeMapPresentationTests.swift */; };
		F71000000000000000000001 /* NativeMapAnnotationPresentation.swift in Sources */ = {isa = PBXBuildFile; fileRef = F71000000000000000000011 /* NativeMapAnnotationPresentation.swift */; };
		F71000000000000000000002 /* NativeMapAnnotationPresentationTests.swift in Sources */ = {isa = PBXBuildFile; fileRef = F71000000000000000000012 /* NativeMapAnnotationPresentationTests.swift */; };
		F72000000000000000000001 /* NativePlaceTravelModesView.swift in Sources */ = {isa = PBXBuildFile; fileRef = F72000000000000000000011 /* NativePlaceTravelModesView.swift */; };
		F72000000000000000000002 /* NativePlaceCardPresentationTests.swift in Sources */ = {isa = PBXBuildFile; fileRef = F72000000000000000000012 /* NativePlaceCardPresentationTests.swift */; };
		F73000000000000000000001 /* NativeGlobeCardViews.swift in Sources */ = {isa = PBXBuildFile; fileRef = F73000000000000000000011 /* NativeGlobeCardViews.swift */; };
		F73000000000000000000002 /* NativeGlobeCardPresentationTests.swift in Sources */ = {isa = PBXBuildFile; fileRef = F73000000000000000000012 /* NativeGlobeCardPresentationTests.swift */; };
		F80000000000000000000002 /* NativeTripOverviewDesignSystemTests.swift in Sources */ = {isa = PBXBuildFile; fileRef = F80000000000000000000012 /* NativeTripOverviewDesignSystemTests.swift */; };
		F90000000000000000000001 /* AlmidySnapshotTesting.swift in Sources */ = {isa = PBXBuildFile; fileRef = F90000000000000000000011 /* AlmidySnapshotTesting.swift */; };
		F90000000000000000000002 /* NativeVisualRegressionTests.swift in Sources */ = {isa = PBXBuildFile; fileRef = F90000000000000000000012 /* NativeVisualRegressionTests.swift */; };
		FA0000000000000000000001 /* InstrumentSans-Regular.ttf in Resources */ = {isa = PBXBuildFile; fileRef = FA0000000000000000000011 /* InstrumentSans-Regular.ttf */; };
		FA0000000000000000000002 /* InstrumentSans-Medium.ttf in Resources */ = {isa = PBXBuildFile; fileRef = FA0000000000000000000012 /* InstrumentSans-Medium.ttf */; };
		FA0000000000000000000003 /* InstrumentSans-SemiBold.ttf in Resources */ = {isa = PBXBuildFile; fileRef = FA0000000000000000000013 /* InstrumentSans-SemiBold.ttf */; };
		FA0000000000000000000004 /* InstrumentSans-Bold.ttf in Resources */ = {isa = PBXBuildFile; fileRef = FA0000000000000000000014 /* InstrumentSans-Bold.ttf */; };
/* End PBXBuildFile section */

/* Begin PBXContainerItemProxy section */
		A10000000000000000000009 /* PBXContainerItemProxy */ = {
			isa = PBXContainerItemProxy;
			containerPortal = 504EC2FC1FED79650016851F /* Project object */;
			proxyType = 1;
			remoteGlobalIDString = 504EC3031FED79650016851F;
			remoteInfo = App;
		};
/* End PBXContainerItemProxy section */

/* Begin PBXFileReference section */
		2FAD9762203C412B000D30F8 /* config.xml */ = {isa = PBXFileReference; lastKnownFileType = text.xml; path = config.xml; sourceTree = "<group>"; };
		50379B222058CBB4000EE86E /* capacitor.config.json */ = {isa = PBXFileReference; fileEncoding = 4; lastKnownFileType = text.json; path = capacitor.config.json; sourceTree = "<group>"; };
		504EC3041FED79650016851F /* Almidy.app */ = {isa = PBXFileReference; explicitFileType = wrapper.application; includeInIndex = 0; path = Almidy.app; sourceTree = BUILT_PRODUCTS_DIR; };
		504EC3071FED79650016851F /* AppDelegate.swift */ = {isa = PBXFileReference; lastKnownFileType = sourcecode.swift; path = AppDelegate.swift; sourceTree = "<group>"; };
		504EC30C1FED79650016851F /* Base */ = {isa = PBXFileReference; lastKnownFileType = file.storyboard; name = Base; path = Base.lproj/Main.storyboard; sourceTree = "<group>"; };
		504EC30E1FED79650016851F /* Assets.xcassets */ = {isa = PBXFileReference; lastKnownFileType = folder.assetcatalog; path = Assets.xcassets; sourceTree = "<group>"; };
		504EC3111FED79650016851F /* Base */ = {isa = PBXFileReference; lastKnownFileType = file.storyboard; name = Base; path = Base.lproj/LaunchScreen.storyboard; sourceTree = "<group>"; };
		504EC3131FED79650016851F /* Info.plist */ = {isa = PBXFileReference; lastKnownFileType = text.plist.xml; path = Info.plist; sourceTree = "<group>"; };
		50B271D01FEDC1A000F3C39B /* public */ = {isa = PBXFileReference; lastKnownFileType = folder; path = public; sourceTree = "<group>"; };
		7A56D0002C399A4300A1F940 /* NativeMapPlugin.swift */ = {isa = PBXFileReference; lastKnownFileType = sourcecode.swift; path = NativeMapPlugin.swift; sourceTree = "<group>"; };
		7A56D0022C399A4300A1F940 /* MainViewController.swift */ = {isa = PBXFileReference; lastKnownFileType = sourcecode.swift; path = MainViewController.swift; sourceTree = "<group>"; };
		F64000000000000000000011 /* NativeMapSearchViewController.swift */ = {isa = PBXFileReference; lastKnownFileType = sourcecode.swift; path = NativeMapSearchViewController.swift; sourceTree = "<group>"; };
		F65000000000000000000011 /* NativeTotalCostInputViewController.swift */ = {isa = PBXFileReference; lastKnownFileType = sourcecode.swift; path = NativeTotalCostInputViewController.swift; sourceTree = "<group>"; };
		F65000000000000000000012 /* NativeTotalCostInputTests.swift */ = {isa = PBXFileReference; lastKnownFileType = sourcecode.swift; path = NativeTotalCostInputTests.swift; sourceTree = "<group>"; };
		F66000000000000000000011 /* NativeNoteInputViewController.swift */ = {isa = PBXFileReference; lastKnownFileType = sourcecode.swift; path = NativeNoteInputViewController.swift; sourceTree = "<group>"; };
		F66000000000000000000012 /* NativeNoteInputTests.swift */ = {isa = PBXFileReference; lastKnownFileType = sourcecode.swift; path = NativeNoteInputTests.swift; sourceTree = "<group>"; };
		F67000000000000000000011 /* NativeFlightDateInputViewController.swift */ = {isa = PBXFileReference; lastKnownFileType = sourcecode.swift; path = NativeFlightDateInputViewController.swift; sourceTree = "<group>"; };
		F67000000000000000000012 /* NativeFlightDateInputTests.swift */ = {isa = PBXFileReference; lastKnownFileType = sourcecode.swift; path = NativeFlightDateInputTests.swift; sourceTree = "<group>"; };
		F68000000000000000000011 /* NativeFlightTimeInputViewController.swift */ = {isa = PBXFileReference; lastKnownFileType = sourcecode.swift; path = NativeFlightTimeInputViewController.swift; sourceTree = "<group>"; };
		F68000000000000000000012 /* NativeFlightTimeInputTests.swift */ = {isa = PBXFileReference; lastKnownFileType = sourcecode.swift; path = NativeFlightTimeInputTests.swift; sourceTree = "<group>"; };
		F69000000000000000000011 /* NativeReservationDetailsView.swift */ = {isa = PBXFileReference; lastKnownFileType = sourcecode.swift; path = NativeReservationDetailsView.swift; sourceTree = "<group>"; };
		F69000000000000000000012 /* NativeLinkInputAlert.swift */ = {isa = PBXFileReference; lastKnownFileType = sourcecode.swift; path = NativeLinkInputAlert.swift; sourceTree = "<group>"; };
		F69000000000000000000013 /* NativeAttachmentActionView.swift */ = {isa = PBXFileReference; lastKnownFileType = sourcecode.swift; path = NativeAttachmentActionView.swift; sourceTree = "<group>"; };
		F69000000000000000000014 /* NativeActivityUtilityTests.swift */ = {isa = PBXFileReference; lastKnownFileType = sourcecode.swift; path = NativeActivityUtilityTests.swift; sourceTree = "<group>"; };
		F6A000000000000000000011 /* NativeLocationEditorViews.swift */ = {isa = PBXFileReference; lastKnownFileType = sourcecode.swift; path = NativeLocationEditorViews.swift; sourceTree = "<group>"; };
		F6A000000000000000000012 /* NativeLocationEditorTests.swift */ = {isa = PBXFileReference; lastKnownFileType = sourcecode.swift; path = NativeLocationEditorTests.swift; sourceTree = "<group>"; };
		F6B000000000000000000011 /* NativeSavedPlaceEditorView.swift */ = {isa = PBXFileReference; lastKnownFileType = sourcecode.swift; path = NativeSavedPlaceEditorView.swift; sourceTree = "<group>"; };
		F6B000000000000000000012 /* NativeSavedPlaceEditorTests.swift */ = {isa = PBXFileReference; lastKnownFileType = sourcecode.swift; path = NativeSavedPlaceEditorTests.swift; sourceTree = "<group>"; };
		F6C000000000000000000011 /* NativeTransportationEditorView.swift */ = {isa = PBXFileReference; lastKnownFileType = sourcecode.swift; path = NativeTransportationEditorView.swift; sourceTree = "<group>"; };
		F6C000000000000000000012 /* NativeTransportationEditorTests.swift */ = {isa = PBXFileReference; lastKnownFileType = sourcecode.swift; path = NativeTransportationEditorTests.swift; sourceTree = "<group>"; };
		F6D000000000000000000011 /* NativeFlightEditorView.swift */ = {isa = PBXFileReference; lastKnownFileType = sourcecode.swift; path = NativeFlightEditorView.swift; sourceTree = "<group>"; };
		F6D000000000000000000012 /* NativeFlightEditorTests.swift */ = {isa = PBXFileReference; lastKnownFileType = sourcecode.swift; path = NativeFlightEditorTests.swift; sourceTree = "<group>"; };
		F70000000000000000000011 /* NativeMapControlsView.swift */ = {isa = PBXFileReference; lastKnownFileType = sourcecode.swift; path = NativeMapControlsView.swift; sourceTree = "<group>"; };
		F70000000000000000000012 /* NativeMapPresentationTests.swift */ = {isa = PBXFileReference; lastKnownFileType = sourcecode.swift; path = NativeMapPresentationTests.swift; sourceTree = "<group>"; };
		F71000000000000000000011 /* NativeMapAnnotationPresentation.swift */ = {isa = PBXFileReference; lastKnownFileType = sourcecode.swift; path = NativeMapAnnotationPresentation.swift; sourceTree = "<group>"; };
		F71000000000000000000012 /* NativeMapAnnotationPresentationTests.swift */ = {isa = PBXFileReference; lastKnownFileType = sourcecode.swift; path = NativeMapAnnotationPresentationTests.swift; sourceTree = "<group>"; };
		F72000000000000000000011 /* NativePlaceTravelModesView.swift */ = {isa = PBXFileReference; lastKnownFileType = sourcecode.swift; path = NativePlaceTravelModesView.swift; sourceTree = "<group>"; };
		F72000000000000000000012 /* NativePlaceCardPresentationTests.swift */ = {isa = PBXFileReference; lastKnownFileType = sourcecode.swift; path = NativePlaceCardPresentationTests.swift; sourceTree = "<group>"; };
		F73000000000000000000011 /* NativeGlobeCardViews.swift */ = {isa = PBXFileReference; lastKnownFileType = sourcecode.swift; path = NativeGlobeCardViews.swift; sourceTree = "<group>"; };
		F73000000000000000000012 /* NativeGlobeCardPresentationTests.swift */ = {isa = PBXFileReference; lastKnownFileType = sourcecode.swift; path = NativeGlobeCardPresentationTests.swift; sourceTree = "<group>"; };
		F80000000000000000000012 /* NativeTripOverviewDesignSystemTests.swift */ = {isa = PBXFileReference; lastKnownFileType = sourcecode.swift; path = NativeTripOverviewDesignSystemTests.swift; sourceTree = "<group>"; };
		F90000000000000000000011 /* AlmidySnapshotTesting.swift */ = {isa = PBXFileReference; lastKnownFileType = sourcecode.swift; path = VisualRegression/AlmidySnapshotTesting.swift; sourceTree = "<group>"; };
		F90000000000000000000012 /* NativeVisualRegressionTests.swift */ = {isa = PBXFileReference; lastKnownFileType = sourcecode.swift; path = VisualRegression/NativeVisualRegressionTests.swift; sourceTree = "<group>"; };
		FA0000000000000000000011 /* InstrumentSans-Regular.ttf */ = {isa = PBXFileReference; lastKnownFileType = file; path = Fonts/InstrumentSans/InstrumentSans-Regular.ttf; sourceTree = "<group>"; };
		FA0000000000000000000012 /* InstrumentSans-Medium.ttf */ = {isa = PBXFileReference; lastKnownFileType = file; path = Fonts/InstrumentSans/InstrumentSans-Medium.ttf; sourceTree = "<group>"; };
		FA0000000000000000000013 /* InstrumentSans-SemiBold.ttf */ = {isa = PBXFileReference; lastKnownFileType = file; path = Fonts/InstrumentSans/InstrumentSans-SemiBold.ttf; sourceTree = "<group>"; };
		FA0000000000000000000014 /* InstrumentSans-Bold.ttf */ = {isa = PBXFileReference; lastKnownFileType = file; path = Fonts/InstrumentSans/InstrumentSans-Bold.ttf; sourceTree = "<group>"; };
		958DCC722DB07C7200EA8C5F /* debug.xcconfig */ = {isa = PBXFileReference; lastKnownFileType = text.xcconfig; name = debug.xcconfig; path = ../debug.xcconfig; sourceTree = SOURCE_ROOT; };
		958DCC732DB07C7200EA8C5F /* release.xcconfig */ = {isa = PBXFileReference; lastKnownFileType = text.xcconfig; name = release.xcconfig; path = ../release.xcconfig; sourceTree = SOURCE_ROOT; };
		A10000000000000000000002 /* NativeMapConnectivityTests.swift */ = {isa = PBXFileReference; lastKnownFileType = sourcecode.swift; path = NativeMapConnectivityTests.swift; sourceTree = "<group>"; };
		A10000000000000000000003 /* AppTests.xctest */ = {isa = PBXFileReference; explicitFileType = wrapper.cfbundle; includeInIndex = 0; path = AppTests.xctest; sourceTree = BUILT_PRODUCTS_DIR; };
		A21000000000000000000011 /* NativeTripStoreTestSupport.swift */ = {isa = PBXFileReference; lastKnownFileType = sourcecode.swift; path = NativeTripStoreTestSupport.swift; sourceTree = "<group>"; };
		A21000000000000000000012 /* NativeTravelImageConnectivityTests.swift */ = {isa = PBXFileReference; lastKnownFileType = sourcecode.swift; path = NativeTravelImageConnectivityTests.swift; sourceTree = "<group>"; };
		A22000000000000000000011 /* NativeRouteTestSupport.swift */ = {isa = PBXFileReference; lastKnownFileType = sourcecode.swift; path = NativeRouteTestSupport.swift; sourceTree = "<group>"; };
		A23000000000000000000011 /* NativeTripActionButton.swift */ = {isa = PBXFileReference; lastKnownFileType = sourcecode.swift; path = NativeTripActionButton.swift; sourceTree = "<group>"; };
		A24000000000000000000011 /* NativeTextFieldPadding.swift */ = {isa = PBXFileReference; lastKnownFileType = sourcecode.swift; path = NativeTextFieldPadding.swift; sourceTree = "<group>"; };
		A66000000000000000000011 /* NativeAdaptiveLayout.swift */ = {isa = PBXFileReference; lastKnownFileType = sourcecode.swift; path = NativeAdaptiveLayout.swift; sourceTree = "<group>"; };
		A66100000000000000000011 /* NativeCreateTripViewController+Layout.swift */ = {isa = PBXFileReference; lastKnownFileType = sourcecode.swift; path = "NativeCreateTripViewController+Layout.swift"; sourceTree = "<group>"; };
		A77000000000000000000011 /* NativeTripOverviewModels.swift */ = {isa = PBXFileReference; lastKnownFileType = sourcecode.swift; path = NativeTripOverviewModels.swift; sourceTree = "<group>"; };
		A77100000000000000000011 /* NativeTripOverviewStore.swift */ = {isa = PBXFileReference; lastKnownFileType = sourcecode.swift; path = NativeTripOverviewStore.swift; sourceTree = "<group>"; };
		A77200000000000000000011 /* NativeTripOverviewViewController.swift */ = {isa = PBXFileReference; lastKnownFileType = sourcecode.swift; path = NativeTripOverviewViewController.swift; sourceTree = "<group>"; };
		A77300000000000000000011 /* NativeTripOverviewHeaderView.swift */ = {isa = PBXFileReference; lastKnownFileType = sourcecode.swift; path = NativeTripOverviewHeaderView.swift; sourceTree = "<group>"; };
		A77400000000000000000011 /* NativeTripOverviewSectionViews.swift */ = {isa = PBXFileReference; lastKnownFileType = sourcecode.swift; path = NativeTripOverviewSectionViews.swift; sourceTree = "<group>"; };
		A77500000000000000000011 /* NativeTripOverviewRouter.swift */ = {isa = PBXFileReference; lastKnownFileType = sourcecode.swift; path = NativeTripOverviewRouter.swift; sourceTree = "<group>"; };
		A77600000000000000000011 /* NativeTripSavedSearchViewController.swift */ = {isa = PBXFileReference; lastKnownFileType = sourcecode.swift; path = NativeTripSavedSearchViewController.swift; sourceTree = "<group>"; };
		A77700000000000000000011 /* NativeNewActivityViewController.swift */ = {isa = PBXFileReference; lastKnownFileType = sourcecode.swift; path = NativeNewActivityViewController.swift; sourceTree = "<group>"; };
		A77800000000000000000011 /* TransportationActivityDraft.swift */ = {isa = PBXFileReference; lastKnownFileType = sourcecode.swift; path = TransportationActivityDraft.swift; sourceTree = "<group>"; };
		A77900000000000000000011 /* NativeItineraryViewController.swift */ = {isa = PBXFileReference; lastKnownFileType = sourcecode.swift; path = NativeItineraryViewController.swift; sourceTree = "<group>"; };
		B10000000000000000000002 /* AlmidyDesignTokens.swift */ = {isa = PBXFileReference; lastKnownFileType = sourcecode.swift; path = AlmidyDesignTokens.swift; sourceTree = "<group>"; };
		C32000000000000000000011 /* NativeSessionPayload.swift */ = {isa = PBXFileReference; lastKnownFileType = sourcecode.swift; path = NativeSessionPayload.swift; sourceTree = "<group>"; };
		C32000000000000000000012 /* NativeSessionStore.swift */ = {isa = PBXFileReference; lastKnownFileType = sourcecode.swift; path = NativeSessionStore.swift; sourceTree = "<group>"; };
		C32000000000000000000013 /* NativeSessionCoordinator.swift */ = {isa = PBXFileReference; lastKnownFileType = sourcecode.swift; path = NativeSessionCoordinator.swift; sourceTree = "<group>"; };
		C32000000000000000000014 /* NativeWebSessionReconciler.swift */ = {isa = PBXFileReference; lastKnownFileType = sourcecode.swift; path = NativeWebSessionReconciler.swift; sourceTree = "<group>"; };
		C32000000000000000000015 /* NativeAuthenticatedHTTPClient.swift */ = {isa = PBXFileReference; lastKnownFileType = sourcecode.swift; path = NativeAuthenticatedHTTPClient.swift; sourceTree = "<group>"; };
		C32000000000000000000016 /* NativeSessionCoordinatorTests.swift */ = {isa = PBXFileReference; lastKnownFileType = sourcecode.swift; path = NativeSessionCoordinatorTests.swift; sourceTree = "<group>"; };
		C32000000000000000000017 /* NativeAuthConnectivityTests.swift */ = {isa = PBXFileReference; lastKnownFileType = sourcecode.swift; path = NativeAuthConnectivityTests.swift; sourceTree = "<group>"; };
		C32000000000000000000018 /* NativeAuthTestSupport.swift */ = {isa = PBXFileReference; lastKnownFileType = sourcecode.swift; path = NativeAuthTestSupport.swift; sourceTree = "<group>"; };
		D33000000000000000000011 /* NativeCreateTripState.swift */ = {isa = PBXFileReference; lastKnownFileType = sourcecode.swift; path = NativeCreateTripState.swift; sourceTree = "<group>"; };
		D33000000000000000000012 /* NativeCreateTripValidator.swift */ = {isa = PBXFileReference; lastKnownFileType = sourcecode.swift; path = NativeCreateTripValidator.swift; sourceTree = "<group>"; };
		D33000000000000000000013 /* NativeDestinationFieldController.swift */ = {isa = PBXFileReference; lastKnownFileType = sourcecode.swift; path = NativeDestinationFieldController.swift; sourceTree = "<group>"; };
		D33000000000000000000014 /* NativeTripBackgroundController.swift */ = {isa = PBXFileReference; lastKnownFileType = sourcecode.swift; path = NativeTripBackgroundController.swift; sourceTree = "<group>"; };
		D33000000000000000000015 /* NativeTripColorBank.swift */ = {isa = PBXFileReference; lastKnownFileType = sourcecode.swift; path = NativeTripColorBank.swift; sourceTree = "<group>"; };
		D33000000000000000000016 /* NativeTripBackgroundTests.swift */ = {isa = PBXFileReference; lastKnownFileType = sourcecode.swift; path = NativeTripBackgroundTests.swift; sourceTree = "<group>"; };
		D33000000000000000000017 /* NativeTripBackgroundModels.swift */ = {isa = PBXFileReference; lastKnownFileType = sourcecode.swift; path = NativeTripBackgroundModels.swift; sourceTree = "<group>"; };
		D33000000000000000000018 /* NativeTripTravelImageBank.swift */ = {isa = PBXFileReference; lastKnownFileType = sourcecode.swift; path = NativeTripTravelImageBank.swift; sourceTree = "<group>"; };
		D33000000000000000000019 /* NativeCreateTripLocationTests.swift */ = {isa = PBXFileReference; lastKnownFileType = sourcecode.swift; path = NativeCreateTripLocationTests.swift; sourceTree = "<group>"; };
		D3300000000000000000001A /* NativeTripBackgroundPickerViewController.swift */ = {isa = PBXFileReference; lastKnownFileType = sourcecode.swift; path = NativeTripBackgroundPickerViewController.swift; sourceTree = "<group>"; };
		D3300000000000000000001B /* NativeCreateTripViewController.swift */ = {isa = PBXFileReference; lastKnownFileType = sourcecode.swift; path = NativeCreateTripViewController.swift; sourceTree = "<group>"; };
		D34000000000000000000011 /* NativeCreateTripViewController+Background.swift */ = {isa = PBXFileReference; lastKnownFileType = sourcecode.swift; path = "NativeCreateTripViewController+Background.swift"; sourceTree = "<group>"; };
		E44000000000000000000011 /* NativeTripDateRange.swift */ = {isa = PBXFileReference; lastKnownFileType = sourcecode.swift; path = NativeTripDateRange.swift; sourceTree = "<group>"; };
		E44000000000000000000012 /* NativeTripDateFormatting.swift */ = {isa = PBXFileReference; lastKnownFileType = sourcecode.swift; path = NativeTripDateFormatting.swift; sourceTree = "<group>"; };
		E44000000000000000000013 /* NativeTripDatesViewController.swift */ = {isa = PBXFileReference; lastKnownFileType = sourcecode.swift; path = NativeTripDatesViewController.swift; sourceTree = "<group>"; };
		E44000000000000000000014 /* NativeVerticalCalendarViews.swift */ = {isa = PBXFileReference; lastKnownFileType = sourcecode.swift; path = NativeVerticalCalendarViews.swift; sourceTree = "<group>"; };
		E44000000000000000000015 /* NativeTripDateTests.swift */ = {isa = PBXFileReference; lastKnownFileType = sourcecode.swift; path = NativeTripDateTests.swift; sourceTree = "<group>"; };
		E44000000000000000000016 /* NativeTripDateConnectivityTests.swift */ = {isa = PBXFileReference; lastKnownFileType = sourcecode.swift; path = NativeTripDateConnectivityTests.swift; sourceTree = "<group>"; };
		E44100000000000000000011 /* NativeCreateTripViewController+Dates.swift */ = {isa = PBXFileReference; lastKnownFileType = sourcecode.swift; path = "NativeCreateTripViewController+Dates.swift"; sourceTree = "<group>"; };
		F55000000000000000000011 /* NativeSettingsModel.swift */ = {isa = PBXFileReference; lastKnownFileType = sourcecode.swift; path = NativeSettingsModel.swift; sourceTree = "<group>"; };
		F55000000000000000000012 /* NativeSettingsTests.swift */ = {isa = PBXFileReference; lastKnownFileType = sourcecode.swift; path = NativeSettingsTests.swift; sourceTree = "<group>"; };
		F61000000000000000000011 /* AlmidyDesignFoundation.swift */ = {isa = PBXFileReference; lastKnownFileType = sourcecode.swift; path = AlmidyDesignFoundation.swift; sourceTree = "<group>"; };
		F61000000000000000000012 /* AlmidyDesignSystemTests.swift */ = {isa = PBXFileReference; lastKnownFileType = sourcecode.swift; path = AlmidyDesignSystemTests.swift; sourceTree = "<group>"; };
		F62000000000000000000011 /* AlmidyIconButton.swift */ = {isa = PBXFileReference; lastKnownFileType = sourcecode.swift; path = AlmidyIconButton.swift; sourceTree = "<group>"; };
		F62000000000000000000012 /* AlmidyButton.swift */ = {isa = PBXFileReference; lastKnownFileType = sourcecode.swift; path = AlmidyButton.swift; sourceTree = "<group>"; };
		F62000000000000000000013 /* AlmidyDivider.swift */ = {isa = PBXFileReference; lastKnownFileType = sourcecode.swift; path = AlmidyDivider.swift; sourceTree = "<group>"; };
		F62000000000000000000014 /* AlmidyBadge.swift */ = {isa = PBXFileReference; lastKnownFileType = sourcecode.swift; path = AlmidyBadge.swift; sourceTree = "<group>"; };
		F62000000000000000000015 /* AlmidySurfaceStyle.swift */ = {isa = PBXFileReference; lastKnownFileType = sourcecode.swift; path = AlmidySurfaceStyle.swift; sourceTree = "<group>"; };
		F62000000000000000000016 /* AlmidyInputStyle.swift */ = {isa = PBXFileReference; lastKnownFileType = sourcecode.swift; path = AlmidyInputStyle.swift; sourceTree = "<group>"; };
		F63000000000000000000011 /* AlmidySheetConfiguration.swift */ = {isa = PBXFileReference; lastKnownFileType = sourcecode.swift; path = AlmidySheetConfiguration.swift; sourceTree = "<group>"; };
		F63000000000000000000012 /* AlmidySheetHeader.swift */ = {isa = PBXFileReference; lastKnownFileType = sourcecode.swift; path = AlmidySheetHeader.swift; sourceTree = "<group>"; };
		F63000000000000000000013 /* AlmidyCard.swift */ = {isa = PBXFileReference; lastKnownFileType = sourcecode.swift; path = AlmidyCard.swift; sourceTree = "<group>"; };
		F63000000000000000000014 /* AlmidyListRow.swift */ = {isa = PBXFileReference; lastKnownFileType = sourcecode.swift; path = AlmidyListRow.swift; sourceTree = "<group>"; };
		F63000000000000000000015 /* AlmidyFormSection.swift */ = {isa = PBXFileReference; lastKnownFileType = sourcecode.swift; path = AlmidyFormSection.swift; sourceTree = "<group>"; };
		F63000000000000000000016 /* AlmidyActionRow.swift */ = {isa = PBXFileReference; lastKnownFileType = sourcecode.swift; path = AlmidyActionRow.swift; sourceTree = "<group>"; };
		F63000000000000000000017 /* AlmidyEmptyState.swift */ = {isa = PBXFileReference; lastKnownFileType = sourcecode.swift; path = AlmidyEmptyState.swift; sourceTree = "<group>"; };
		F63000000000000000000018 /* AlmidyFloatingControl.swift */ = {isa = PBXFileReference; lastKnownFileType = sourcecode.swift; path = AlmidyFloatingControl.swift; sourceTree = "<group>"; };
/* End PBXFileReference section */

/* Begin PBXFrameworksBuildPhase section */
		504EC3011FED79650016851F /* Frameworks */ = {
			isa = PBXFrameworksBuildPhase;
			buildActionMask = 2147483647;
			files = (
				4D22ABE92AF431CB00220026 /* CapApp-SPM in Frameworks */,
			);
			runOnlyForDeploymentPostprocessing = 0;
		};
		A10000000000000000000004 /* Frameworks */ = {
			isa = PBXFrameworksBuildPhase;
			buildActionMask = 2147483647;
			files = (
			);
			runOnlyForDeploymentPostprocessing = 0;
		};
/* End PBXFrameworksBuildPhase section */

/* Begin PBXGroup section */
		504EC2FB1FED79650016851F = {
			isa = PBXGroup;
			children = (
				958DCC722DB07C7200EA8C5F /* debug.xcconfig */,
				958DCC732DB07C7200EA8C5F /* release.xcconfig */,
				504EC3061FED79650016851F /* App */,
				A10000000000000000000007 /* AppTests */,
				504EC3051FED79650016851F /* Products */,
			);
			sourceTree = "<group>";
		};
		504EC3051FED79650016851F /* Products */ = {
			isa = PBXGroup;
			children = (
				504EC3041FED79650016851F /* Almidy.app */,
				A10000000000000000000003 /* AppTests.xctest */,
			);
			name = Products;
			sourceTree = "<group>";
		};
		504EC3061FED79650016851F /* App */ = {
			isa = PBXGroup;
			children = (
				F61000000000000000000020 /* DesignSystem */,
				C32000000000000000000020 /* Auth */,
				D33000000000000000000020 /* CreateTrip */,
				A77000000000000000000020 /* TripOverview */,
				50379B222058CBB4000EE86E /* capacitor.config.json */,
				504EC3071FED79650016851F /* AppDelegate.swift */,
				7A56D0022C399A4300A1F940 /* MainViewController.swift */,
				7A56D0002C399A4300A1F940 /* NativeMapPlugin.swift */,
				F64000000000000000000011 /* NativeMapSearchViewController.swift */,
				F65000000000000000000011 /* NativeTotalCostInputViewController.swift */,
				F66000000000000000000011 /* NativeNoteInputViewController.swift */,
				F67000000000000000000011 /* NativeFlightDateInputViewController.swift */,
				F68000000000000000000011 /* NativeFlightTimeInputViewController.swift */,
				F69000000000000000000011 /* NativeReservationDetailsView.swift */,
				F69000000000000000000012 /* NativeLinkInputAlert.swift */,
				F69000000000000000000013 /* NativeAttachmentActionView.swift */,
				F6A000000000000000000011 /* NativeLocationEditorViews.swift */,
				F6B000000000000000000011 /* NativeSavedPlaceEditorView.swift */,
				F6C000000000000000000011 /* NativeTransportationEditorView.swift */,
				F6D000000000000000000011 /* NativeFlightEditorView.swift */,
				F70000000000000000000011 /* NativeMapControlsView.swift */,
				F71000000000000000000011 /* NativeMapAnnotationPresentation.swift */,
				F72000000000000000000011 /* NativePlaceTravelModesView.swift */,
				F73000000000000000000011 /* NativeGlobeCardViews.swift */,
				B10000000000000000000002 /* AlmidyDesignTokens.swift */,
				A24000000000000000000011 /* NativeTextFieldPadding.swift */,
				A66000000000000000000011 /* NativeAdaptiveLayout.swift */,
				A23000000000000000000011 /* NativeTripActionButton.swift */,
				F55000000000000000000011 /* NativeSettingsModel.swift */,
				504EC30B1FED79650016851F /* Main.storyboard */,
				504EC30E1FED79650016851F /* Assets.xcassets */,
				504EC3101FED79650016851F /* LaunchScreen.storyboard */,
				504EC3131FED79650016851F /* Info.plist */,
				FA0000000000000000000011 /* InstrumentSans-Regular.ttf */,
				FA0000000000000000000012 /* InstrumentSans-Medium.ttf */,
				FA0000000000000000000013 /* InstrumentSans-SemiBold.ttf */,
				FA0000000000000000000014 /* InstrumentSans-Bold.ttf */,
				2FAD9762203C412B000D30F8 /* config.xml */,
				50B271D01FEDC1A000F3C39B /* public */,
			);
			path = App;
			sourceTree = "<group>";
		};
		A10000000000000000000007 /* AppTests */ = {
			isa = PBXGroup;
			children = (
				F90000000000000000000011 /* AlmidySnapshotTesting.swift */,
				F90000000000000000000012 /* NativeVisualRegressionTests.swift */,
				F65000000000000000000012 /* NativeTotalCostInputTests.swift */,
				F66000000000000000000012 /* NativeNoteInputTests.swift */,
				F67000000000000000000012 /* NativeFlightDateInputTests.swift */,
				F68000000000000000000012 /* NativeFlightTimeInputTests.swift */,
				F69000000000000000000014 /* NativeActivityUtilityTests.swift */,
				F6A000000000000000000012 /* NativeLocationEditorTests.swift */,
				F6B000000000000000000012 /* NativeSavedPlaceEditorTests.swift */,
				F6C000000000000000000012 /* NativeTransportationEditorTests.swift */,
				F6D000000000000000000012 /* NativeFlightEditorTests.swift */,
				F70000000000000000000012 /* NativeMapPresentationTests.swift */,
				F71000000000000000000012 /* NativeMapAnnotationPresentationTests.swift */,
				F72000000000000000000012 /* NativePlaceCardPresentationTests.swift */,
				F73000000000000000000012 /* NativeGlobeCardPresentationTests.swift */,
				F80000000000000000000012 /* NativeTripOverviewDesignSystemTests.swift */,
				A10000000000000000000002 /* NativeMapConnectivityTests.swift */,
				A21000000000000000000011 /* NativeTripStoreTestSupport.swift */,
				A21000000000000000000012 /* NativeTravelImageConnectivityTests.swift */,
				A22000000000000000000011 /* NativeRouteTestSupport.swift */,
				C32000000000000000000017 /* NativeAuthConnectivityTests.swift */,
				C32000000000000000000018 /* NativeAuthTestSupport.swift */,
				C32000000000000000000016 /* NativeSessionCoordinatorTests.swift */,
				D33000000000000000000019 /* NativeCreateTripLocationTests.swift */,
				D33000000000000000000016 /* NativeTripBackgroundTests.swift */,
				E44000000000000000000015 /* NativeTripDateTests.swift */,
				E44000000000000000000016 /* NativeTripDateConnectivityTests.swift */,
				F55000000000000000000012 /* NativeSettingsTests.swift */,
				F61000000000000000000012 /* AlmidyDesignSystemTests.swift */,
			);
			path = AppTests;
			sourceTree = "<group>";
		};
		F61000000000000000000020 /* DesignSystem */ = {
			isa = PBXGroup;
			children = (
				F61000000000000000000011 /* AlmidyDesignFoundation.swift */,
				F62000000000000000000011 /* AlmidyIconButton.swift */,
				F62000000000000000000012 /* AlmidyButton.swift */,
				F62000000000000000000013 /* AlmidyDivider.swift */,
				F62000000000000000000014 /* AlmidyBadge.swift */,
				F62000000000000000000015 /* AlmidySurfaceStyle.swift */,
				F62000000000000000000016 /* AlmidyInputStyle.swift */,
				F63000000000000000000011 /* AlmidySheetConfiguration.swift */,
				F63000000000000000000012 /* AlmidySheetHeader.swift */,
				F63000000000000000000013 /* AlmidyCard.swift */,
				F63000000000000000000014 /* AlmidyListRow.swift */,
				F63000000000000000000015 /* AlmidyFormSection.swift */,
				F63000000000000000000016 /* AlmidyActionRow.swift */,
				F63000000000000000000017 /* AlmidyEmptyState.swift */,
				F63000000000000000000018 /* AlmidyFloatingControl.swift */,
			);
			path = DesignSystem;
			sourceTree = "<group>";
		};
		A77000000000000000000020 /* TripOverview */ = {
			isa = PBXGroup;
			children = (
				A77000000000000000000011 /* NativeTripOverviewModels.swift */,
				A77100000000000000000011 /* NativeTripOverviewStore.swift */,
				A77200000000000000000011 /* NativeTripOverviewViewController.swift */,
				A77300000000000000000011 /* NativeTripOverviewHeaderView.swift */,
				A77400000000000000000011 /* NativeTripOverviewSectionViews.swift */,
				A77500000000000000000011 /* NativeTripOverviewRouter.swift */,
				A77600000000000000000011 /* NativeTripSavedSearchViewController.swift */,
				A77700000000000000000011 /* NativeNewActivityViewController.swift */,
				A77800000000000000000011 /* TransportationActivityDraft.swift */,
				A77900000000000000000011 /* NativeItineraryViewController.swift */,
			);
			path = TripOverview;
			sourceTree = "<group>";
		};
		C32000000000000000000020 /* Auth */ = {
			isa = PBXGroup;
			children = (
				C32000000000000000000011 /* NativeSessionPayload.swift */,
				C32000000000000000000012 /* NativeSessionStore.swift */,
				C32000000000000000000013 /* NativeSessionCoordinator.swift */,
				C32000000000000000000014 /* NativeWebSessionReconciler.swift */,
				C32000000000000000000015 /* NativeAuthenticatedHTTPClient.swift */,
			);
			path = Auth;
			sourceTree = "<group>";
		};
		D33000000000000000000020 /* CreateTrip */ = {
			isa = PBXGroup;
			children = (
				D33000000000000000000021 /* Background */,
				E44000000000000000000020 /* Dates */,
				D33000000000000000000011 /* NativeCreateTripState.swift */,
				D33000000000000000000012 /* NativeCreateTripValidator.swift */,
				D33000000000000000000013 /* NativeDestinationFieldController.swift */,
				D3300000000000000000001B /* NativeCreateTripViewController.swift */,
				D34000000000000000000011 /* NativeCreateTripViewController+Background.swift */,
				E44100000000000000000011 /* NativeCreateTripViewController+Dates.swift */,
				A66100000000000000000011 /* NativeCreateTripViewController+Layout.swift */,
			);
			path = CreateTrip;
			sourceTree = "<group>";
		};
		D33000000000000000000021 /* Background */ = {
			isa = PBXGroup;
			children = (
				D33000000000000000000014 /* NativeTripBackgroundController.swift */,
				D33000000000000000000015 /* NativeTripColorBank.swift */,
				D33000000000000000000017 /* NativeTripBackgroundModels.swift */,
				D33000000000000000000018 /* NativeTripTravelImageBank.swift */,
				D3300000000000000000001A /* NativeTripBackgroundPickerViewController.swift */,
			);
			path = Background;
			sourceTree = "<group>";
		};
		E44000000000000000000020 /* Dates */ = {
			isa = PBXGroup;
			children = (
				E44000000000000000000011 /* NativeTripDateRange.swift */,
				E44000000000000000000012 /* NativeTripDateFormatting.swift */,
				E44000000000000000000013 /* NativeTripDatesViewController.swift */,
				E44000000000000000000014 /* NativeVerticalCalendarViews.swift */,
			);
			path = Dates;
			sourceTree = "<group>";
		};
/* End PBXGroup section */

/* Begin PBXNativeTarget section */
		504EC3031FED79650016851F /* Almidy */ = {
			isa = PBXNativeTarget;
			buildConfigurationList = 504EC3161FED79650016851F /* Build configuration list for PBXNativeTarget "Almidy" */;
			buildPhases = (
				504EC3001FED79650016851F /* Sources */,
				504EC3011FED79650016851F /* Frameworks */,
				504EC3021FED79650016851F /* Resources */,
			);
			buildRules = (
			);
			dependencies = (
			);
			name = Almidy;
			packageProductDependencies = (
				4D22ABE82AF431CB00220026 /* CapApp-SPM */,
			);
			productName = App;
			productReference = 504EC3041FED79650016851F /* Almidy.app */;
			productType = "com.apple.product-type.application";
		};
		A10000000000000000000008 /* AppTests */ = {
			isa = PBXNativeTarget;
			buildConfigurationList = A1000000000000000000000D /* Build configuration list for PBXNativeTarget "AppTests" */;
			buildPhases = (
				A10000000000000000000005 /* Sources */,
				A10000000000000000000004 /* Frameworks */,
				A10000000000000000000006 /* Resources */,
			);
			buildRules = (
			);
			dependencies = (
				A1000000000000000000000A /* PBXTargetDependency */,
			);
			name = AppTests;
			packageProductDependencies = (
			);
			productName = AppTests;
			productReference = A10000000000000000000003 /* AppTests.xctest */;
			productType = "com.apple.product-type.bundle.unit-test";
		};
/* End PBXNativeTarget section */

/* Begin PBXProject section */
		504EC2FC1FED79650016851F /* Project object */ = {
			isa = PBXProject;
			attributes = {
				BuildIndependentTargetsInParallel = YES;
				LastSwiftUpdateCheck = 0920;
				LastUpgradeCheck = 2660;
				TargetAttributes = {
					504EC3031FED79650016851F = {
						CreatedOnToolsVersion = 9.2;
						LastSwiftMigration = 1100;
						ProvisioningStyle = Automatic;
					};
					A10000000000000000000008 = {
						CreatedOnToolsVersion = 26.0;
						TestTargetID = 504EC3031FED79650016851F;
					};
				};
			};
			buildConfigurationList = 504EC2FF1FED79650016851F /* Build configuration list for PBXProject "App" */;
			compatibilityVersion = "Xcode 8.0";
			developmentRegion = en;
			hasScannedForEncodings = 0;
			knownRegions = (
				en,
				Base,
			);
			mainGroup = 504EC2FB1FED79650016851F;
			packageReferences = (
				D4C12C0A2AAA248700AAC8A2 /* XCLocalSwiftPackageReference "CapApp-SPM" */,
			);
			productRefGroup = 504EC3051FED79650016851F /* Products */;
			projectDirPath = "";
			projectRoot = "";
			targets = (
				504EC3031FED79650016851F /* Almidy */,
				A10000000000000000000008 /* AppTests */,
			);
		};
/* End PBXProject section */

/* Begin PBXResourcesBuildPhase section */
		504EC3021FED79650016851F /* Resources */ = {
			isa = PBXResourcesBuildPhase;
			buildActionMask = 2147483647;
			files = (
				504EC3121FED79650016851F /* LaunchScreen.storyboard in Resources */,
				50B271D11FEDC1A000F3C39B /* public in Resources */,
				504EC30F1FED79650016851F /* Assets.xcassets in Resources */,
				50379B232058CBB4000EE86E /* capacitor.config.json in Resources */,
				504EC30D1FED79650016851F /* Main.storyboard in Resources */,
				2FAD9763203C412B000D30F8 /* config.xml in Resources */,
				FA0000000000000000000001 /* InstrumentSans-Regular.ttf in Resources */,
				FA0000000000000000000002 /* InstrumentSans-Medium.ttf in Resources */,
				FA0000000000000000000003 /* InstrumentSans-SemiBold.ttf in Resources */,
				FA0000000000000000000004 /* InstrumentSans-Bold.ttf in Resources */,
			);
			runOnlyForDeploymentPostprocessing = 0;
		};
		A10000000000000000000006 /* Resources */ = {
			isa = PBXResourcesBuildPhase;
			buildActionMask = 2147483647;
			files = (
			);
			runOnlyForDeploymentPostprocessing = 0;
		};
/* End PBXResourcesBuildPhase section */

/* Begin PBXSourcesBuildPhase section */
		504EC3001FED79650016851F /* Sources */ = {
			isa = PBXSourcesBuildPhase;
			buildActionMask = 2147483647;
			files = (
				A77000000000000000000001 /* NativeTripOverviewModels.swift in Sources */,
				A77100000000000000000001 /* NativeTripOverviewStore.swift in Sources */,
				A77200000000000000000001 /* NativeTripOverviewViewController.swift in Sources */,
				A77300000000000000000001 /* NativeTripOverviewHeaderView.swift in Sources */,
				A77400000000000000000001 /* NativeTripOverviewSectionViews.swift in Sources */,
				A77500000000000000000001 /* NativeTripOverviewRouter.swift in Sources */,
				A77600000000000000000001 /* NativeTripSavedSearchViewController.swift in Sources */,
				A77700000000000000000001 /* NativeNewActivityViewController.swift in Sources */,
				A77800000000000000000001 /* TransportationActivityDraft.swift in Sources */,
				A77900000000000000000001 /* NativeItineraryViewController.swift in Sources */,
				C32000000000000000000001 /* NativeSessionPayload.swift in Sources */,
				C32000000000000000000002 /* NativeSessionStore.swift in Sources */,
				C32000000000000000000003 /* NativeSessionCoordinator.swift in Sources */,
				C32000000000000000000004 /* NativeWebSessionReconciler.swift in Sources */,
				C32000000000000000000005 /* NativeAuthenticatedHTTPClient.swift in Sources */,
				D33000000000000000000001 /* NativeCreateTripState.swift in Sources */,
				D33000000000000000000002 /* NativeCreateTripValidator.swift in Sources */,
				D33000000000000000000003 /* NativeDestinationFieldController.swift in Sources */,
				D33000000000000000000004 /* NativeTripBackgroundController.swift in Sources */,
				D33000000000000000000005 /* NativeTripColorBank.swift in Sources */,
				D33000000000000000000007 /* NativeTripBackgroundModels.swift in Sources */,
				D33000000000000000000008 /* NativeTripTravelImageBank.swift in Sources */,
				D3300000000000000000000A /* NativeTripBackgroundPickerViewController.swift in Sources */,
				D3300000000000000000000B /* NativeCreateTripViewController.swift in Sources */,
				D34000000000000000000001 /* NativeCreateTripViewController+Background.swift in Sources */,
				E44000000000000000000001 /* NativeTripDateRange.swift in Sources */,
				E44000000000000000000002 /* NativeTripDateFormatting.swift in Sources */,
				E44000000000000000000003 /* NativeTripDatesViewController.swift in Sources */,
				E44000000000000000000004 /* NativeVerticalCalendarViews.swift in Sources */,
				E44100000000000000000001 /* NativeCreateTripViewController+Dates.swift in Sources */,
				A66000000000000000000001 /* NativeAdaptiveLayout.swift in Sources */,
				A66100000000000000000001 /* NativeCreateTripViewController+Layout.swift in Sources */,
				A23000000000000000000001 /* NativeTripActionButton.swift in Sources */,
				F55000000000000000000001 /* NativeSettingsModel.swift in Sources */,
				504EC3081FED79650016851F /* AppDelegate.swift in Sources */,
				7A56D0032C399A4300A1F940 /* MainViewController.swift in Sources */,
				7A56D0012C399A4300A1F940 /* NativeMapPlugin.swift in Sources */,
				F64000000000000000000001 /* NativeMapSearchViewController.swift in Sources */,
				F65000000000000000000001 /* NativeTotalCostInputViewController.swift in Sources */,
				F66000000000000000000001 /* NativeNoteInputViewController.swift in Sources */,
				F67000000000000000000001 /* NativeFlightDateInputViewController.swift in Sources */,
				F68000000000000000000001 /* NativeFlightTimeInputViewController.swift in Sources */,
				F69000000000000000000001 /* NativeReservationDetailsView.swift in Sources */,
				F69000000000000000000002 /* NativeLinkInputAlert.swift in Sources */,
				F69000000000000000000003 /* NativeAttachmentActionView.swift in Sources */,
				F6A000000000000000000001 /* NativeLocationEditorViews.swift in Sources */,
				F6B000000000000000000001 /* NativeSavedPlaceEditorView.swift in Sources */,
				F6C000000000000000000001 /* NativeTransportationEditorView.swift in Sources */,
				F6D000000000000000000001 /* NativeFlightEditorView.swift in Sources */,
				F70000000000000000000001 /* NativeMapControlsView.swift in Sources */,
				F71000000000000000000001 /* NativeMapAnnotationPresentation.swift in Sources */,
				F72000000000000000000001 /* NativePlaceTravelModesView.swift in Sources */,
				F73000000000000000000001 /* NativeGlobeCardViews.swift in Sources */,
				B10000000000000000000001 /* AlmidyDesignTokens.swift in Sources */,
				F61000000000000000000001 /* AlmidyDesignFoundation.swift in Sources */,
				F62000000000000000000001 /* AlmidyIconButton.swift in Sources */,
				F62000000000000000000002 /* AlmidyButton.swift in Sources */,
				F62000000000000000000003 /* AlmidyDivider.swift in Sources */,
				F62000000000000000000004 /* AlmidyBadge.swift in Sources */,
				F62000000000000000000005 /* AlmidySurfaceStyle.swift in Sources */,
				F62000000000000000000006 /* AlmidyInputStyle.swift in Sources */,
				F63000000000000000000001 /* AlmidySheetConfiguration.swift in Sources */,
				F63000000000000000000002 /* AlmidySheetHeader.swift in Sources */,
				F63000000000000000000003 /* AlmidyCard.swift in Sources */,
				F63000000000000000000004 /* AlmidyListRow.swift in Sources */,
				F63000000000000000000005 /* AlmidyFormSection.swift in Sources */,
				F63000000000000000000006 /* AlmidyActionRow.swift in Sources */,
				F63000000000000000000007 /* AlmidyEmptyState.swift in Sources */,
				F63000000000000000000008 /* AlmidyFloatingControl.swift in Sources */,
				A24000000000000000000001 /* NativeTextFieldPadding.swift in Sources */,
			);
			runOnlyForDeploymentPostprocessing = 0;
		};
		A10000000000000000000005 /* Sources */ = {
			isa = PBXSourcesBuildPhase;
			buildActionMask = 2147483647;
			files = (
				F90000000000000000000001 /* AlmidySnapshotTesting.swift in Sources */,
				F90000000000000000000002 /* NativeVisualRegressionTests.swift in Sources */,
				F65000000000000000000002 /* NativeTotalCostInputTests.swift in Sources */,
				F66000000000000000000002 /* NativeNoteInputTests.swift in Sources */,
				F67000000000000000000002 /* NativeFlightDateInputTests.swift in Sources */,
				F68000000000000000000002 /* NativeFlightTimeInputTests.swift in Sources */,
				F69000000000000000000004 /* NativeActivityUtilityTests.swift in Sources */,
				F6A000000000000000000002 /* NativeLocationEditorTests.swift in Sources */,
				F6B000000000000000000002 /* NativeSavedPlaceEditorTests.swift in Sources */,
				F6C000000000000000000002 /* NativeTransportationEditorTests.swift in Sources */,
				F6D000000000000000000002 /* NativeFlightEditorTests.swift in Sources */,
				F70000000000000000000002 /* NativeMapPresentationTests.swift in Sources */,
				F71000000000000000000002 /* NativeMapAnnotationPresentationTests.swift in Sources */,
				F72000000000000000000002 /* NativePlaceCardPresentationTests.swift in Sources */,
				F73000000000000000000002 /* NativeGlobeCardPresentationTests.swift in Sources */,
				F80000000000000000000002 /* NativeTripOverviewDesignSystemTests.swift in Sources */,
				A10000000000000000000001 /* NativeMapConnectivityTests.swift in Sources */,
				A21000000000000000000001 /* NativeTripStoreTestSupport.swift in Sources */,
				A21000000000000000000002 /* NativeTravelImageConnectivityTests.swift in Sources */,
				A22000000000000000000001 /* NativeRouteTestSupport.swift in Sources */,
				C32000000000000000000007 /* NativeAuthConnectivityTests.swift in Sources */,
				C32000000000000000000008 /* NativeAuthTestSupport.swift in Sources */,
				C32000000000000000000006 /* NativeSessionCoordinatorTests.swift in Sources */,
				D33000000000000000000009 /* NativeCreateTripLocationTests.swift in Sources */,
				D33000000000000000000006 /* NativeTripBackgroundTests.swift in Sources */,
				E44000000000000000000005 /* NativeTripDateTests.swift in Sources */,
				E44000000000000000000006 /* NativeTripDateConnectivityTests.swift in Sources */,
				F55000000000000000000002 /* NativeSettingsTests.swift in Sources */,
				F61000000000000000000002 /* AlmidyDesignSystemTests.swift in Sources */,
			);
			runOnlyForDeploymentPostprocessing = 0;
		};
/* End PBXSourcesBuildPhase section */

/* Begin PBXTargetDependency section */
		A1000000000000000000000A /* PBXTargetDependency */ = {
			isa = PBXTargetDependency;
			target = 504EC3031FED79650016851F /* Almidy */;
			targetProxy = A10000000000000000000009 /* PBXContainerItemProxy */;
		};
/* End PBXTargetDependency section */

/* Begin PBXVariantGroup section */
		504EC30B1FED79650016851F /* Main.storyboard */ = {
			isa = PBXVariantGroup;
			children = (
				504EC30C1FED79650016851F /* Base */,
			);
			name = Main.storyboard;
			sourceTree = "<group>";
		};
		504EC3101FED79650016851F /* LaunchScreen.storyboard */ = {
			isa = PBXVariantGroup;
			children = (
				504EC3111FED79650016851F /* Base */,
			);
			name = LaunchScreen.storyboard;
			sourceTree = "<group>";
		};
/* End PBXVariantGroup section */

/* Begin XCBuildConfiguration section */
		504EC3141FED79650016851F /* Debug */ = {
			isa = XCBuildConfiguration;
			baseConfigurationReference = 958DCC722DB07C7200EA8C5F /* debug.xcconfig */;
			buildSettings = {
				ALWAYS_SEARCH_USER_PATHS = NO;
				CLANG_ANALYZER_NONNULL = YES;
				CLANG_ANALYZER_NUMBER_OBJECT_CONVERSION = YES_AGGRESSIVE;
				CLANG_CXX_LANGUAGE_STANDARD = "gnu++14";
				CLANG_CXX_LIBRARY = "libc++";
				CLANG_ENABLE_MODULES = YES;
				CLANG_ENABLE_OBJC_ARC = YES;
				CLANG_WARN_BLOCK_CAPTURE_AUTORELEASING = YES;
				CLANG_WARN_BOOL_CONVERSION = YES;
				CLANG_WARN_COMMA = YES;
				CLANG_WARN_CONSTANT_CONVERSION = YES;
				CLANG_WARN_DEPRECATED_OBJC_IMPLEMENTATIONS = YES;
				CLANG_WARN_DIRECT_OBJC_ISA_USAGE = YES_ERROR;
				CLANG_WARN_DOCUMENTATION_COMMENTS = YES;
				CLANG_WARN_EMPTY_BODY = YES;
				CLANG_WARN_ENUM_CONVERSION = YES;
				CLANG_WARN_INFINITE_RECURSION = YES;
				CLANG_WARN_INT_CONVERSION = YES;
				CLANG_WARN_NON_LITERAL_NULL_CONVERSION = YES;
				CLANG_WARN_OBJC_IMPLICIT_RETAIN_SELF = YES;
				CLANG_WARN_OBJC_LITERAL_CONVERSION = YES;
				CLANG_WARN_OBJC_ROOT_CLASS = YES_ERROR;
				CLANG_WARN_QUOTED_INCLUDE_IN_FRAMEWORK_HEADER = YES;
				CLANG_WARN_RANGE_LOOP_ANALYSIS = YES;
				CLANG_WARN_STRICT_PROTOTYPES = YES;
				CLANG_WARN_SUSPICIOUS_MOVE = YES;
				CLANG_WARN_UNGUARDED_AVAILABILITY = YES_AGGRESSIVE;
				CLANG_WARN_UNREACHABLE_CODE = YES;
				CLANG_WARN__DUPLICATE_METHOD_MATCH = YES;
				CODE_SIGN_IDENTITY = "iPhone Developer";
				COPY_PHASE_STRIP = NO;
				DEBUG_INFORMATION_FORMAT = dwarf;
				DEVELOPMENT_TEAM = 3JB4WR3PNU;
				ENABLE_STRICT_OBJC_MSGSEND = YES;
				ENABLE_TESTABILITY = YES;
				ENABLE_USER_SCRIPT_SANDBOXING = YES;
				GCC_C_LANGUAGE_STANDARD = gnu11;
				GCC_DYNAMIC_NO_PIC = NO;
				GCC_NO_COMMON_BLOCKS = YES;
				GCC_OPTIMIZATION_LEVEL = 0;
				GCC_PREPROCESSOR_DEFINITIONS = (
					"DEBUG=1",
					"$(inherited)",
				);
				GCC_WARN_64_TO_32_BIT_CONVERSION = YES;
				GCC_WARN_ABOUT_RETURN_TYPE = YES_ERROR;
				GCC_WARN_UNDECLARED_SELECTOR = YES;
				GCC_WARN_UNINITIALIZED_AUTOS = YES_AGGRESSIVE;
				GCC_WARN_UNUSED_FUNCTION = YES;
				GCC_WARN_UNUSED_VARIABLE = YES;
				IPHONEOS_DEPLOYMENT_TARGET = 15.0;
				MTL_ENABLE_DEBUG_INFO = YES;
				ONLY_ACTIVE_ARCH = YES;
				SDKROOT = iphoneos;
				STRING_CATALOG_GENERATE_SYMBOLS = YES;
				SWIFT_ACTIVE_COMPILATION_CONDITIONS = DEBUG;
				SWIFT_OPTIMIZATION_LEVEL = "-Onone";
			};
			name = Debug;
		};
		504EC3151FED79650016851F /* Release */ = {
			isa = XCBuildConfiguration;
			baseConfigurationReference = 958DCC732DB07C7200EA8C5F /* release.xcconfig */;
			buildSettings = {
				ALWAYS_SEARCH_USER_PATHS = NO;
				CLANG_ANALYZER_NONNULL = YES;
				CLANG_ANALYZER_NUMBER_OBJECT_CONVERSION = YES_AGGRESSIVE;
				CLANG_CXX_LANGUAGE_STANDARD = "gnu++14";
				CLANG_CXX_LIBRARY = "libc++";
				CLANG_ENABLE_MODULES = YES;
				CLANG_ENABLE_OBJC_ARC = YES;
				CLANG_WARN_BLOCK_CAPTURE_AUTORELEASING = YES;
				CLANG_WARN_BOOL_CONVERSION = YES;
				CLANG_WARN_COMMA = YES;
				CLANG_WARN_CONSTANT_CONVERSION = YES;
				CLANG_WARN_DEPRECATED_OBJC_IMPLEMENTATIONS = YES;
				CLANG_WARN_DIRECT_OBJC_ISA_USAGE = YES_ERROR;
				CLANG_WARN_DOCUMENTATION_COMMENTS = YES;
				CLANG_WARN_EMPTY_BODY = YES;
				CLANG_WARN_ENUM_CONVERSION = YES;
				CLANG_WARN_INFINITE_RECURSION = YES;
				CLANG_WARN_INT_CONVERSION = YES;
				CLANG_WARN_NON_LITERAL_NULL_CONVERSION = YES;
				CLANG_WARN_OBJC_IMPLICIT_RETAIN_SELF = YES;
				CLANG_WARN_OBJC_LITERAL_CONVERSION = YES;
				CLANG_WARN_OBJC_ROOT_CLASS = YES_ERROR;
				CLANG_WARN_QUOTED_INCLUDE_IN_FRAMEWORK_HEADER = YES;
				CLANG_WARN_RANGE_LOOP_ANALYSIS = YES;
				CLANG_WARN_STRICT_PROTOTYPES = YES;
				CLANG_WARN_SUSPICIOUS_MOVE = YES;
				CLANG_WARN_UNGUARDED_AVAILABILITY = YES_AGGRESSIVE;
				CLANG_WARN_UNREACHABLE_CODE = YES;
				CLANG_WARN__DUPLICATE_METHOD_MATCH = YES;
				CODE_SIGN_IDENTITY = "iPhone Developer";
				COPY_PHASE_STRIP = NO;
				DEBUG_INFORMATION_FORMAT = "dwarf-with-dsym";
				DEVELOPMENT_TEAM = 3JB4WR3PNU;
				ENABLE_NS_ASSERTIONS = NO;
				ENABLE_STRICT_OBJC_MSGSEND = YES;
				ENABLE_USER_SCRIPT_SANDBOXING = YES;
				GCC_C_LANGUAGE_STANDARD = gnu11;
				GCC_NO_COMMON_BLOCKS = YES;
				GCC_WARN_64_TO_32_BIT_CONVERSION = YES;
				GCC_WARN_ABOUT_RETURN_TYPE = YES_ERROR;
				GCC_WARN_UNDECLARED_SELECTOR = YES;
				GCC_WARN_UNINITIALIZED_AUTOS = YES_AGGRESSIVE;
				GCC_WARN_UNUSED_FUNCTION = YES;
				GCC_WARN_UNUSED_VARIABLE = YES;
				IPHONEOS_DEPLOYMENT_TARGET = 15.0;
				MTL_ENABLE_DEBUG_INFO = NO;
				SDKROOT = iphoneos;
				STRING_CATALOG_GENERATE_SYMBOLS = YES;
				SWIFT_COMPILATION_MODE = wholemodule;
				SWIFT_OPTIMIZATION_LEVEL = "-O";
				VALIDATE_PRODUCT = YES;
			};
			name = Release;
		};
		504EC3171FED79650016851F /* Debug */ = {
			isa = XCBuildConfiguration;
			baseConfigurationReference = 958DCC722DB07C7200EA8C5F /* debug.xcconfig */;
			buildSettings = {
				ASSETCATALOG_COMPILER_APPICON_NAME = AppIcon;
				CODE_SIGN_ENTITLEMENTS = App/App.entitlements;
				CODE_SIGN_STYLE = Automatic;
				CURRENT_PROJECT_VERSION = 8;
				INFOPLIST_FILE = App/Info.plist;
				INFOPLIST_KEY_CFBundleDisplayName = Almidy;
				INFOPLIST_KEY_LSApplicationCategoryType = "public.app-category.travel";
				IPHONEOS_DEPLOYMENT_TARGET = 15.0;
				LD_RUNPATH_SEARCH_PATHS = (
					"$(inherited)",
					"@executable_path/Frameworks",
				);
				MARKETING_VERSION = 1.0;
				OTHER_SWIFT_FLAGS = "$(inherited) \"-D\" \"COCOAPODS\" \"-DDEBUG\"";
				PRODUCT_BUNDLE_IDENTIFIER = app.almidy.premium;
				PRODUCT_NAME = "$(TARGET_NAME)";
				SWIFT_ACTIVE_COMPILATION_CONDITIONS = DEBUG;
				SWIFT_VERSION = 5.0;
				TARGETED_DEVICE_FAMILY = "1,2";
			};
			name = Debug;
		};
		504EC3181FED79650016851F /* Release */ = {
			isa = XCBuildConfiguration;
			buildSettings = {
				ASSETCATALOG_COMPILER_APPICON_NAME = AppIcon;
				CODE_SIGN_ENTITLEMENTS = App/App.entitlements;
				CODE_SIGN_STYLE = Automatic;
				CURRENT_PROJECT_VERSION = 8;
				INFOPLIST_FILE = App/Info.plist;
				INFOPLIST_KEY_CFBundleDisplayName = Almidy;
				INFOPLIST_KEY_LSApplicationCategoryType = "public.app-category.travel";
				IPHONEOS_DEPLOYMENT_TARGET = 15.0;
				LD_RUNPATH_SEARCH_PATHS = (
					"$(inherited)",
					"@executable_path/Frameworks",
				);
				MARKETING_VERSION = 1.0;
				PRODUCT_BUNDLE_IDENTIFIER = app.almidy.premium;
				PRODUCT_NAME = "$(TARGET_NAME)";
				SWIFT_ACTIVE_COMPILATION_CONDITIONS = "";
				SWIFT_VERSION = 5.0;
				TARGETED_DEVICE_FAMILY = "1,2";
			};
			name = Release;
		};
		A1000000000000000000000B /* Debug */ = {
			isa = XCBuildConfiguration;
			buildSettings = {
				BUNDLE_LOADER = "$(TEST_HOST)";
				CODE_SIGN_STYLE = Automatic;
				CURRENT_PROJECT_VERSION = 1;
				GENERATE_INFOPLIST_FILE = YES;
				IPHONEOS_DEPLOYMENT_TARGET = 15.0;
				LD_RUNPATH_SEARCH_PATHS = (
					"$(inherited)",
					"@executable_path/Frameworks",
					"@loader_path/Frameworks",
				);
				PRODUCT_BUNDLE_IDENTIFIER = app.almidy.premium.tests;
				PRODUCT_NAME = "$(TARGET_NAME)";
				SWIFT_ACTIVE_COMPILATION_CONDITIONS = DEBUG;
				SWIFT_VERSION = 5.0;
				TARGETED_DEVICE_FAMILY = "1,2";
				TEST_HOST = "$(BUILT_PRODUCTS_DIR)/Almidy.app/$(BUNDLE_EXECUTABLE_FOLDER_PATH)/Almidy";
			};
			name = Debug;
		};
		A1000000000000000000000C /* Release */ = {
			isa = XCBuildConfiguration;
			buildSettings = {
				BUNDLE_LOADER = "$(TEST_HOST)";
				CODE_SIGN_STYLE = Automatic;
				CURRENT_PROJECT_VERSION = 1;
				GENERATE_INFOPLIST_FILE = YES;
				IPHONEOS_DEPLOYMENT_TARGET = 15.0;
				LD_RUNPATH_SEARCH_PATHS = (
					"$(inherited)",
					"@executable_path/Frameworks",
					"@loader_path/Frameworks",
				);
				PRODUCT_BUNDLE_IDENTIFIER = app.almidy.premium.tests;
				PRODUCT_NAME = "$(TARGET_NAME)";
				SWIFT_VERSION = 5.0;
				TARGETED_DEVICE_FAMILY = "1,2";
				TEST_HOST = "$(BUILT_PRODUCTS_DIR)/Almidy.app/$(BUNDLE_EXECUTABLE_FOLDER_PATH)/Almidy";
			};
			name = Release;
		};
/* End XCBuildConfiguration section */

/* Begin XCConfigurationList section */
		504EC2FF1FED79650016851F /* Build configuration list for PBXProject "App" */ = {
			isa = XCConfigurationList;
			buildConfigurations = (
				504EC3141FED79650016851F /* Debug */,
				504EC3151FED79650016851F /* Release */,
			);
			defaultConfigurationIsVisible = 0;
			defaultConfigurationName = Release;
		};
		504EC3161FED79650016851F /* Build configuration list for PBXNativeTarget "Almidy" */ = {
			isa = XCConfigurationList;
			buildConfigurations = (
				504EC3171FED79650016851F /* Debug */,
				504EC3181FED79650016851F /* Release */,
			);
			defaultConfigurationIsVisible = 0;
			defaultConfigurationName = Release;
		};
		A1000000000000000000000D /* Build configuration list for PBXNativeTarget "AppTests" */ = {
			isa = XCConfigurationList;
			buildConfigurations = (
				A1000000000000000000000B /* Debug */,
				A1000000000000000000000C /* Release */,
			);
			defaultConfigurationIsVisible = 0;
			defaultConfigurationName = Release;
		};
/* End XCConfigurationList section */

/* Begin XCLocalSwiftPackageReference section */
		D4C12C0A2AAA248700AAC8A2 /* XCLocalSwiftPackageReference "CapApp-SPM" */ = {
			isa = XCLocalSwiftPackageReference;
			relativePath = "CapApp-SPM";
		};
/* End XCLocalSwiftPackageReference section */

/* Begin XCSwiftPackageProductDependency section */
		4D22ABE82AF431CB00220026 /* CapApp-SPM */ = {
			isa = XCSwiftPackageProductDependency;
			package = D4C12C0A2AAA248700AAC8A2 /* XCLocalSwiftPackageReference "CapApp-SPM" */;
			productName = "CapApp-SPM";
		};
/* End XCSwiftPackageProductDependency section */
	};
	rootObject = 504EC2FC1FED79650016851F /* Project object */;
}
